
Microsoft Visual Studio Solution File, Format Version 12.00
# Visual Studio 2012
Project("{FAE04EC0-301F-11D3-BF4B-00C04F79EFBC}") = "MicrosoftStore", "MicrosoftStore\MicrosoftStore.csproj", "{E6CF1B6F-7361-448E-8BFE-C9C8E30D0C25}"
EndProject
Project("{FAE04EC0-301F-11D3-BF4B-00C04F79EFBC}") = "MicrosoftStore.iOS", "iOS\MicrosoftStore.iOS.csproj", "{2EE30CE2-8875-4D29-B3E3-5F6BF7D1DBF4}"
EndProject
Project("{FAE04EC0-301F-11D3-BF4B-00C04F79EFBC}") = "MicrosoftStore.Droid", "Droid\MicrosoftStore.Droid.csproj", "{546C4B04-D3A7-4765-9BEB-05A3553615E2}"
EndProject
Project("{FAE04EC0-301F-11D3-BF4B-00C04F79EFBC}") = "MicrosoftStore.RecommendationModel", "Recommendations\MicrosoftStore.RecommendationModel.csproj", "{BEC461CD-EB59-44F2-A1FF-8DD515D14B0F}"
EndProject
Global
	GlobalSection(SolutionConfigurationPlatforms) = preSolution
		Debug|Any CPU = Debug|Any CPU
		Release|Any CPU = Release|Any CPU
		Debug|iPhoneSimulator = Debug|iPhoneSimulator
		Release|iPhone = Release|iPhone
		Release|iPhoneSimulator = Release|iPhoneSimulator
		Debug|iPhone = Debug|iPhone
	EndGlobalSection
	GlobalSection(ProjectConfigurationPlatforms) = postSolution
		{E6CF1B6F-7361-448E-8BFE-C9C8E30D0C25}.Debug|Any CPU.ActiveCfg = Debug|Any CPU
		{E6CF1B6F-7361-448E-8BFE-C9C8E30D0C25}.Debug|Any CPU.Build.0 = Debug|Any CPU
		{E6CF1B6F-7361-448E-8BFE-C9C8E30D0C25}.Release|Any CPU.ActiveCfg = Release|Any CPU
		{E6CF1B6F-7361-448E-8BFE-C9C8E30D0C25}.Release|Any CPU.Build.0 = Release|Any CPU
		{E6CF1B6F-7361-448E-8BFE-C9C8E30D0C25}.Debug|iPhoneSimulator.ActiveCfg = Debug|Any CPU
		{E6CF1B6F-7361-448E-8BFE-C9C8E30D0C25}.Debug|iPhoneSimulator.Build.0 = Debug|Any CPU
		{E6CF1B6F-7361-448E-8BFE-C9C8E30D0C25}.Release|iPhone.ActiveCfg = Release|Any CPU
		{E6CF1B6F-7361-448E-8BFE-C9C8E30D0C25}.Release|iPhone.Build.0 = Release|Any CPU
		{E6CF1B6F-7361-448E-8BFE-C9C8E30D0C25}.Release|iPhoneSimulator.ActiveCfg = Release|Any CPU
		{E6CF1B6F-7361-448E-8BFE-C9C8E30D0C25}.Release|iPhoneSimulator.Build.0 = Release|Any CPU
		{E6CF1B6F-7361-448E-8BFE-C9C8E30D0C25}.Debug|iPhone.ActiveCfg = Debug|Any CPU
		{E6CF1B6F-7361-448E-8BFE-C9C8E30D0C25}.Debug|iPhone.Build.0 = Debug|Any CPU
		{2EE30CE2-8875-4D29-B3E3-5F6BF7D1DBF4}.Debug|Any CPU.ActiveCfg = Debug|iPhoneSimulator
		{2EE30CE2-8875-4D29-B3E3-5F6BF7D1DBF4}.Debug|Any CPU.Build.0 = Debug|iPhoneSimulator
		{2EE30CE2-8875-4D29-B3E3-5F6BF7D1DBF4}.Release|Any CPU.ActiveCfg = Debug|iPhoneSimulator
		{2EE30CE2-8875-4D29-B3E3-5F6BF7D1DBF4}.Release|Any CPU.Build.0 = Debug|iPhoneSimulator
		{2EE30CE2-8875-4D29-B3E3-5F6BF7D1DBF4}.Debug|iPhoneSimulator.ActiveCfg = Debug|iPhoneSimulator
		{2EE30CE2-8875-4D29-B3E3-5F6BF7D1DBF4}.Debug|iPhoneSimulator.Build.0 = Debug|iPhoneSimulator
		{2EE30CE2-8875-4D29-B3E3-5F6BF7D1DBF4}.Release|iPhone.ActiveCfg = Release|iPhone
		{2EE30CE2-8875-4D29-B3E3-5F6BF7D1DBF4}.Release|iPhone.Build.0 = Release|iPhone
		{2EE30CE2-8875-4D29-B3E3-5F6BF7D1DBF4}.Release|iPhoneSimulator.ActiveCfg = Release|iPhoneSimulator
		{2EE30CE2-8875-4D29-B3E3-5F6BF7D1DBF4}.Release|iPhoneSimulator.Build.0 = Release|iPhoneSimulator
		{2EE30CE2-8875-4D29-B3E3-5F6BF7D1DBF4}.Debug|iPhone.ActiveCfg = Debug|iPhone
		{2EE30CE2-8875-4D29-B3E3-5F6BF7D1DBF4}.Debug|iPhone.Build.0 = Debug|iPhone
		{546C4B04-D3A7-4765-9BEB-05A3553615E2}.Debug|Any CPU.ActiveCfg = Debug|Any CPU
		{546C4B04-D3A7-4765-9BEB-05A3553615E2}.Debug|Any CPU.Build.0 = Debug|Any CPU
		{546C4B04-D3A7-4765-9BEB-05A3553615E2}.Release|Any CPU.ActiveCfg = Release|Any CPU
		{546C4B04-D3A7-4765-9BEB-05A3553615E2}.Release|Any CPU.Build.0 = Release|Any CPU
		{546C4B04-D3A7-4765-9BEB-05A3553615E2}.Debug|iPhoneSimulator.ActiveCfg = Debug|Any CPU
		{546C4B04-D3A7-4765-9BEB-05A3553615E2}.Debug|iPhoneSimulator.Build.0 = Debug|Any CPU
		{546C4B04-D3A7-4765-9BEB-05A3553615E2}.Release|iPhone.ActiveCfg = Release|Any CPU
		{546C4B04-D3A7-4765-9BEB-05A3553615E2}.Release|iPhone.Build.0 = Release|Any CPU
		{546C4B04-D3A7-4765-9BEB-05A3553615E2}.Release|iPhoneSimulator.ActiveCfg = Release|Any CPU
		{546C4B04-D3A7-4765-9BEB-05A3553615E2}.Release|iPhoneSimulator.Build.0 = Release|Any CPU
		{546C4B04-D3A7-4765-9BEB-05A3553615E2}.Debug|iPhone.ActiveCfg = Debug|Any CPU
		{546C4B04-D3A7-4765-9BEB-05A3553615E2}.Debug|iPhone.Build.0 = Debug|Any CPU
		{BEC461CD-EB59-44F2-A1FF-8DD515D14B0F}.Debug|Any CPU.ActiveCfg = Debug|Any CPU
		{BEC461CD-EB59-44F2-A1FF-8DD515D14B0F}.Debug|Any CPU.Build.0 = Debug|Any CPU
		{BEC461CD-EB59-44F2-A1FF-8DD515D14B0F}.Release|Any CPU.ActiveCfg = Release|Any CPU
		{BEC461CD-EB59-44F2-A1FF-8DD515D14B0F}.Release|Any CPU.Build.0 = Release|Any CPU
		{BEC461CD-EB59-44F2-A1FF-8DD515D14B0F}.Debug|iPhoneSimulator.ActiveCfg = Debug|Any CPU
		{BEC461CD-EB59-44F2-A1FF-8DD515D14B0F}.Debug|iPhoneSimulator.Build.0 = Debug|Any CPU
		{BEC461CD-EB59-44F2-A1FF-8DD515D14B0F}.Release|iPhone.ActiveCfg = Release|Any CPU
		{BEC461CD-EB59-44F2-A1FF-8DD515D14B0F}.Release|iPhone.Build.0 = Release|Any CPU
		{BEC461CD-EB59-44F2-A1FF-8DD515D14B0F}.Release|iPhoneSimulator.ActiveCfg = Release|Any CPU
		{BEC461CD-EB59-44F2-A1FF-8DD515D14B0F}.Release|iPhoneSimulator.Build.0 = Release|Any CPU
		{BEC461CD-EB59-44F2-A1FF-8DD515D14B0F}.Debug|iPhone.ActiveCfg = Debug|Any CPU
		{BEC461CD-EB59-44F2-A1FF-8DD515D14B0F}.Debug|iPhone.Build.0 = Debug|Any CPU
	EndGlobalSection
EndGlobal
