Microsoft Visual Studio Solution File, Format Version 12.00
# Visual Studio 14
VisualStudioVersion = 14.0.25123.0
MinimumVisualStudioVersion = 10.0.40219.1
Project("{FAE04EC0-301F-11D3-BF4B-00C04F79EFBC}") = "MicrosoftStore", "MicrosoftStore\MicrosoftStore.csproj", "{E6CF1B6F-7361-448E-8BFE-C9C8E30D0C25}"
EndProject
Project("{FAE04EC0-301F-11D3-BF4B-00C04F79EFBC}") = "MicrosoftStore.iOS", "iOS\MicrosoftStore.iOS.csproj", "{2EE30CE2-8875-4D29-B3E3-5F6BF7D1DBF4}"
EndProject
Project("{FAE04EC0-301F-11D3-BF4B-00C04F79EFBC}") = "MicrosoftStore.Droid", "Droid\MicrosoftStore.Droid.csproj", "{546C4B04-D3A7-4765-9BEB-05A3553615E2}"
EndProject
Project("{FAE04EC0-301F-11D3-BF4B-00C04F79EFBC}") = "MicrosoftStore.RecommendationModel", "Recommendations\MicrosoftStore.RecommendationModel.csproj", "{BEC461CD-EB59-44F2-A1FF-8DD515D14B0F}"
EndProject
Project("{FAE04EC0-301F-11D3-BF4B-00C04F79EFBC}") = "MicrosoftStore.Windows", "MicrosoftStore.Windows\MicrosoftStore.Windows.csproj", "{5F2FD96F-EBAF-4344-AF30-34CC2D077DC7}"
EndProject
Global
	GlobalSection(SolutionConfigurationPlatforms) = preSolution
		Debug|Any CPU = Debug|Any CPU
		Debug|ARM = Debug|ARM
		Debug|iPhone = Debug|iPhone
		Debug|iPhoneSimulator = Debug|iPhoneSimulator
		Debug|x64 = Debug|x64
		Debug|x86 = Debug|x86
		Release|Any CPU = Release|Any CPU
		Release|ARM = Release|ARM
		Release|iPhone = Release|iPhone
		Release|iPhoneSimulator = Release|iPhoneSimulator
		Release|x64 = Release|x64
		Release|x86 = Release|x86
	EndGlobalSection
	GlobalSection(ProjectConfigurationPlatforms) = postSolution
		{E6CF1B6F-7361-448E-8BFE-C9C8E30D0C25}.Debug|Any CPU.ActiveCfg = Debug|Any CPU
		{E6CF1B6F-7361-448E-8BFE-C9C8E30D0C25}.Debug|Any CPU.Build.0 = Debug|Any CPU
		{E6CF1B6F-7361-448E-8BFE-C9C8E30D0C25}.Debug|ARM.ActiveCfg = Debug|Any CPU
		{E6CF1B6F-7361-448E-8BFE-C9C8E30D0C25}.Debug|ARM.Build.0 = Debug|Any CPU
		{E6CF1B6F-7361-448E-8BFE-C9C8E30D0C25}.Debug|iPhone.ActiveCfg = Debug|Any CPU
		{E6CF1B6F-7361-448E-8BFE-C9C8E30D0C25}.Debug|iPhone.Build.0 = Debug|Any CPU
		{E6CF1B6F-7361-448E-8BFE-C9C8E30D0C25}.Debug|iPhoneSimulator.ActiveCfg = Debug|Any CPU
		{E6CF1B6F-7361-448E-8BFE-C9C8E30D0C25}.Debug|iPhoneSimulator.Build.0 = Debug|Any CPU
		{E6CF1B6F-7361-448E-8BFE-C9C8E30D0C25}.Debug|x64.ActiveCfg = Debug|Any CPU
		{E6CF1B6F-7361-448E-8BFE-C9C8E30D0C25}.Debug|x64.Build.0 = Debug|Any CPU
		{E6CF1B6F-7361-448E-8BFE-C9C8E30D0C25}.Debug|x86.ActiveCfg = Debug|Any CPU
		{E6CF1B6F-7361-448E-8BFE-C9C8E30D0C25}.Debug|x86.Build.0 = Debug|Any CPU
		{E6CF1B6F-7361-448E-8BFE-C9C8E30D0C25}.Release|Any CPU.ActiveCfg = Release|Any CPU
		{E6CF1B6F-7361-448E-8BFE-C9C8E30D0C25}.Release|Any CPU.Build.0 = Release|Any CPU
		{E6CF1B6F-7361-448E-8BFE-C9C8E30D0C25}.Release|ARM.ActiveCfg = Release|Any CPU
		{E6CF1B6F-7361-448E-8BFE-C9C8E30D0C25}.Release|ARM.Build.0 = Release|Any CPU
		{E6CF1B6F-7361-448E-8BFE-C9C8E30D0C25}.Release|iPhone.ActiveCfg = Release|Any CPU
		{E6CF1B6F-7361-448E-8BFE-C9C8E30D0C25}.Release|iPhone.Build.0 = Release|Any CPU
		{E6CF1B6F-7361-448E-8BFE-C9C8E30D0C25}.Release|iPhoneSimulator.ActiveCfg = Release|Any CPU
		{E6CF1B6F-7361-448E-8BFE-C9C8E30D0C25}.Release|iPhoneSimulator.Build.0 = Release|Any CPU
		{E6CF1B6F-7361-448E-8BFE-C9C8E30D0C25}.Release|x64.ActiveCfg = Release|Any CPU
		{E6CF1B6F-7361-448E-8BFE-C9C8E30D0C25}.Release|x64.Build.0 = Release|Any CPU
		{E6CF1B6F-7361-448E-8BFE-C9C8E30D0C25}.Release|x86.ActiveCfg = Release|Any CPU
		{E6CF1B6F-7361-448E-8BFE-C9C8E30D0C25}.Release|x86.Build.0 = Release|Any CPU
		{2EE30CE2-8875-4D29-B3E3-5F6BF7D1DBF4}.Debug|Any CPU.ActiveCfg = Debug|iPhoneSimulator
		{2EE30CE2-8875-4D29-B3E3-5F6BF7D1DBF4}.Debug|Any CPU.Build.0 = Debug|iPhoneSimulator
		{2EE30CE2-8875-4D29-B3E3-5F6BF7D1DBF4}.Debug|ARM.ActiveCfg = Debug|iPhone
		{2EE30CE2-8875-4D29-B3E3-5F6BF7D1DBF4}.Debug|iPhone.ActiveCfg = Debug|iPhone
		{2EE30CE2-8875-4D29-B3E3-5F6BF7D1DBF4}.Debug|iPhone.Build.0 = Debug|iPhone
		{2EE30CE2-8875-4D29-B3E3-5F6BF7D1DBF4}.Debug|iPhoneSimulator.ActiveCfg = Debug|iPhoneSimulator
		{2EE30CE2-8875-4D29-B3E3-5F6BF7D1DBF4}.Debug|iPhoneSimulator.Build.0 = Debug|iPhoneSimulator
		{2EE30CE2-8875-4D29-B3E3-5F6BF7D1DBF4}.Debug|x64.ActiveCfg = Debug|iPhone
		{2EE30CE2-8875-4D29-B3E3-5F6BF7D1DBF4}.Debug|x86.ActiveCfg = Debug|iPhone
		{2EE30CE2-8875-4D29-B3E3-5F6BF7D1DBF4}.Release|Any CPU.ActiveCfg = Debug|iPhoneSimulator
		{2EE30CE2-8875-4D29-B3E3-5F6BF7D1DBF4}.Release|Any CPU.Build.0 = Debug|iPhoneSimulator
		{2EE30CE2-8875-4D29-B3E3-5F6BF7D1DBF4}.Release|ARM.ActiveCfg = Release|iPhoneSimulator
		{2EE30CE2-8875-4D29-B3E3-5F6BF7D1DBF4}.Release|iPhone.ActiveCfg = Release|iPhone
		{2EE30CE2-8875-4D29-B3E3-5F6BF7D1DBF4}.Release|iPhone.Build.0 = Release|iPhone
		{2EE30CE2-8875-4D29-B3E3-5F6BF7D1DBF4}.Release|iPhoneSimulator.ActiveCfg = Release|iPhoneSimulator
		{2EE30CE2-8875-4D29-B3E3-5F6BF7D1DBF4}.Release|iPhoneSimulator.Build.0 = Release|iPhoneSimulator
		{2EE30CE2-8875-4D29-B3E3-5F6BF7D1DBF4}.Release|x64.ActiveCfg = Release|iPhoneSimulator
		{2EE30CE2-8875-4D29-B3E3-5F6BF7D1DBF4}.Release|x86.ActiveCfg = Release|iPhoneSimulator
		{546C4B04-D3A7-4765-9BEB-05A3553615E2}.Debug|Any CPU.ActiveCfg = Debug|Any CPU
		{546C4B04-D3A7-4765-9BEB-05A3553615E2}.Debug|Any CPU.Build.0 = Debug|Any CPU
		{546C4B04-D3A7-4765-9BEB-05A3553615E2}.Debug|Any CPU.Deploy.0 = Debug|Any CPU
		{546C4B04-D3A7-4765-9BEB-05A3553615E2}.Debug|ARM.ActiveCfg = Debug|Any CPU
		{546C4B04-D3A7-4765-9BEB-05A3553615E2}.Debug|ARM.Build.0 = Debug|Any CPU
		{546C4B04-D3A7-4765-9BEB-05A3553615E2}.Debug|ARM.Deploy.0 = Debug|Any CPU
		{546C4B04-D3A7-4765-9BEB-05A3553615E2}.Debug|iPhone.ActiveCfg = Debug|Any CPU
		{546C4B04-D3A7-4765-9BEB-05A3553615E2}.Debug|iPhone.Build.0 = Debug|Any CPU
		{546C4B04-D3A7-4765-9BEB-05A3553615E2}.Debug|iPhoneSimulator.ActiveCfg = Debug|Any CPU
		{546C4B04-D3A7-4765-9BEB-05A3553615E2}.Debug|iPhoneSimulator.Build.0 = Debug|Any CPU
		{546C4B04-D3A7-4765-9BEB-05A3553615E2}.Debug|x64.ActiveCfg = Debug|Any CPU
		{546C4B04-D3A7-4765-9BEB-05A3553615E2}.Debug|x64.Build.0 = Debug|Any CPU
		{546C4B04-D3A7-4765-9BEB-05A3553615E2}.Debug|x64.Deploy.0 = Debug|Any CPU
		{546C4B04-D3A7-4765-9BEB-05A3553615E2}.Debug|x86.ActiveCfg = Debug|Any CPU
		{546C4B04-D3A7-4765-9BEB-05A3553615E2}.Debug|x86.Build.0 = Debug|Any CPU
		{546C4B04-D3A7-4765-9BEB-05A3553615E2}.Debug|x86.Deploy.0 = Debug|Any CPU
		{546C4B04-D3A7-4765-9BEB-05A3553615E2}.Release|Any CPU.ActiveCfg = Release|Any CPU
		{546C4B04-D3A7-4765-9BEB-05A3553615E2}.Release|Any CPU.Build.0 = Release|Any CPU
		{546C4B04-D3A7-4765-9BEB-05A3553615E2}.Release|ARM.ActiveCfg = Release|Any CPU
		{546C4B04-D3A7-4765-9BEB-05A3553615E2}.Release|ARM.Build.0 = Release|Any CPU
		{546C4B04-D3A7-4765-9BEB-05A3553615E2}.Release|ARM.Deploy.0 = Release|Any CPU
		{546C4B04-D3A7-4765-9BEB-05A3553615E2}.Release|iPhone.ActiveCfg = Release|Any CPU
		{546C4B04-D3A7-4765-9BEB-05A3553615E2}.Release|iPhone.Build.0 = Release|Any CPU
		{546C4B04-D3A7-4765-9BEB-05A3553615E2}.Release|iPhoneSimulator.ActiveCfg = Release|Any CPU
		{546C4B04-D3A7-4765-9BEB-05A3553615E2}.Release|iPhoneSimulator.Build.0 = Release|Any CPU
		{546C4B04-D3A7-4765-9BEB-05A3553615E2}.Release|x64.ActiveCfg = Release|Any CPU
		{546C4B04-D3A7-4765-9BEB-05A3553615E2}.Release|x64.Build.0 = Release|Any CPU
		{546C4B04-D3A7-4765-9BEB-05A3553615E2}.Release|x64.Deploy.0 = Release|Any CPU
		{546C4B04-D3A7-4765-9BEB-05A3553615E2}.Release|x86.ActiveCfg = Release|Any CPU
		{546C4B04-D3A7-4765-9BEB-05A3553615E2}.Release|x86.Build.0 = Release|Any CPU
		{546C4B04-D3A7-4765-9BEB-05A3553615E2}.Release|x86.Deploy.0 = Release|Any CPU
		{BEC461CD-EB59-44F2-A1FF-8DD515D14B0F}.Debug|Any CPU.ActiveCfg = Debug|Any CPU
		{BEC461CD-EB59-44F2-A1FF-8DD515D14B0F}.Debug|Any CPU.Build.0 = Debug|Any CPU
		{BEC461CD-EB59-44F2-A1FF-8DD515D14B0F}.Debug|ARM.ActiveCfg = Debug|Any CPU
		{BEC461CD-EB59-44F2-A1FF-8DD515D14B0F}.Debug|ARM.Build.0 = Debug|Any CPU
		{BEC461CD-EB59-44F2-A1FF-8DD515D14B0F}.Debug|iPhone.ActiveCfg = Debug|Any CPU
		{BEC461CD-EB59-44F2-A1FF-8DD515D14B0F}.Debug|iPhone.Build.0 = Debug|Any CPU
		{BEC461CD-EB59-44F2-A1FF-8DD515D14B0F}.Debug|iPhoneSimulator.ActiveCfg = Debug|Any CPU
		{BEC461CD-EB59-44F2-A1FF-8DD515D14B0F}.Debug|iPhoneSimulator.Build.0 = Debug|Any CPU
		{BEC461CD-EB59-44F2-A1FF-8DD515D14B0F}.Debug|x64.ActiveCfg = Debug|Any CPU
		{BEC461CD-EB59-44F2-A1FF-8DD515D14B0F}.Debug|x64.Build.0 = Debug|Any CPU
		{BEC461CD-EB59-44F2-A1FF-8DD515D14B0F}.Debug|x86.ActiveCfg = Debug|Any CPU
		{BEC461CD-EB59-44F2-A1FF-8DD515D14B0F}.Debug|x86.Build.0 = Debug|Any CPU
		{BEC461CD-EB59-44F2-A1FF-8DD515D14B0F}.Release|Any CPU.ActiveCfg = Release|Any CPU
		{BEC461CD-EB59-44F2-A1FF-8DD515D14B0F}.Release|Any CPU.Build.0 = Release|Any CPU
		{BEC461CD-EB59-44F2-A1FF-8DD515D14B0F}.Release|ARM.ActiveCfg = Release|Any CPU
		{BEC461CD-EB59-44F2-A1FF-8DD515D14B0F}.Release|ARM.Build.0 = Release|Any CPU
		{BEC461CD-EB59-44F2-A1FF-8DD515D14B0F}.Release|iPhone.ActiveCfg = Release|Any CPU
		{BEC461CD-EB59-44F2-A1FF-8DD515D14B0F}.Release|iPhone.Build.0 = Release|Any CPU
		{BEC461CD-EB59-44F2-A1FF-8DD515D14B0F}.Release|iPhoneSimulator.ActiveCfg = Release|Any CPU
		{BEC461CD-EB59-44F2-A1FF-8DD515D14B0F}.Release|iPhoneSimulator.Build.0 = Release|Any CPU
		{BEC461CD-EB59-44F2-A1FF-8DD515D14B0F}.Release|x64.ActiveCfg = Release|Any CPU
		{BEC461CD-EB59-44F2-A1FF-8DD515D14B0F}.Release|x64.Build.0 = Release|Any CPU
		{BEC461CD-EB59-44F2-A1FF-8DD515D14B0F}.Release|x86.ActiveCfg = Release|Any CPU
		{BEC461CD-EB59-44F2-A1FF-8DD515D14B0F}.Release|x86.Build.0 = Release|Any CPU
		{5F2FD96F-EBAF-4344-AF30-34CC2D077DC7}.Debug|Any CPU.ActiveCfg = Debug|x86
		{5F2FD96F-EBAF-4344-AF30-34CC2D077DC7}.Debug|Any CPU.Build.0 = Debug|x86
		{5F2FD96F-EBAF-4344-AF30-34CC2D077DC7}.Debug|Any CPU.Deploy.0 = Debug|x86
		{5F2FD96F-EBAF-4344-AF30-34CC2D077DC7}.Debug|ARM.ActiveCfg = Debug|ARM
		{5F2FD96F-EBAF-4344-AF30-34CC2D077DC7}.Debug|ARM.Build.0 = Debug|ARM
		{5F2FD96F-EBAF-4344-AF30-34CC2D077DC7}.Debug|ARM.Deploy.0 = Debug|ARM
		{5F2FD96F-EBAF-4344-AF30-34CC2D077DC7}.Debug|iPhone.ActiveCfg = Debug|x86
		{5F2FD96F-EBAF-4344-AF30-34CC2D077DC7}.Debug|iPhoneSimulator.ActiveCfg = Debug|x86
		{5F2FD96F-EBAF-4344-AF30-34CC2D077DC7}.Debug|x64.ActiveCfg = Debug|x64
		{5F2FD96F-EBAF-4344-AF30-34CC2D077DC7}.Debug|x64.Build.0 = Debug|x64
		{5F2FD96F-EBAF-4344-AF30-34CC2D077DC7}.Debug|x64.Deploy.0 = Debug|x64
		{5F2FD96F-EBAF-4344-AF30-34CC2D077DC7}.Debug|x86.ActiveCfg = Debug|x86
		{5F2FD96F-EBAF-4344-AF30-34CC2D077DC7}.Debug|x86.Build.0 = Debug|x86
		{5F2FD96F-EBAF-4344-AF30-34CC2D077DC7}.Debug|x86.Deploy.0 = Debug|x86
		{5F2FD96F-EBAF-4344-AF30-34CC2D077DC7}.Release|Any CPU.ActiveCfg = Release|x86
		{5F2FD96F-EBAF-4344-AF30-34CC2D077DC7}.Release|ARM.ActiveCfg = Release|ARM
		{5F2FD96F-EBAF-4344-AF30-34CC2D077DC7}.Release|ARM.Build.0 = Release|ARM
		{5F2FD96F-EBAF-4344-AF30-34CC2D077DC7}.Release|ARM.Deploy.0 = Release|ARM
		{5F2FD96F-EBAF-4344-AF30-34CC2D077DC7}.Release|iPhone.ActiveCfg = Release|x86
		{5F2FD96F-EBAF-4344-AF30-34CC2D077DC7}.Release|iPhoneSimulator.ActiveCfg = Release|x86
		{5F2FD96F-EBAF-4344-AF30-34CC2D077DC7}.Release|x64.ActiveCfg = Release|x64
		{5F2FD96F-EBAF-4344-AF30-34CC2D077DC7}.Release|x64.Build.0 = Release|x64
		{5F2FD96F-EBAF-4344-AF30-34CC2D077DC7}.Release|x64.Deploy.0 = Release|x64
		{5F2FD96F-EBAF-4344-AF30-34CC2D077DC7}.Release|x86.ActiveCfg = Release|x86
		{5F2FD96F-EBAF-4344-AF30-34CC2D077DC7}.Release|x86.Build.0 = Release|x86
		{5F2FD96F-EBAF-4344-AF30-34CC2D077DC7}.Release|x86.Deploy.0 = Release|x86
	EndGlobalSection
	GlobalSection(SolutionProperties) = preSolution
		HideSolutionNode = FALSE
	EndGlobalSection
EndGlobal
