Microsoft Visual Studio Solution File, Format Version 12.00
# Visual Studio 14
VisualStudioVersion = 14.0.25123.0
MinimumVisualStudioVersion = 10.0.40219.1
Project("{D954291E-2A0B-460D-934E-DC6B0785DB48}") = "VoiceDictation", "VoiceDictation\VoiceDictation.shproj", "{1995A938-0959-4264-98C9-F86997915F14}"
EndProject
Project("{FAE04EC0-301F-11D3-BF4B-00C04F79EFBC}") = "VoiceDictation.iOS", "iOS\VoiceDictation.iOS.csproj", "{E1D67194-B238-4F02-A0CF-E0EAC32CB0C6}"
EndProject
Project("{FAE04EC0-301F-11D3-BF4B-00C04F79EFBC}") = "VoiceDictation.Droid", "Droid\VoiceDictation.Droid.csproj", "{76F47AF3-D540-4E6C-91F1-7C06D519D883}"
EndProject
Global
	GlobalSection(SharedMSBuildProjectFiles) = preSolution
		VoiceDictation\VoiceDictation.projitems*{e1d67194-b238-4f02-a0cf-e0eac32cb0c6}*SharedItemsImports = 4
		VoiceDictation\VoiceDictation.projitems*{76f47af3-d540-4e6c-91f1-7c06d519d883}*SharedItemsImports = 4
		VoiceDictation\VoiceDictation.projitems*{1995a938-0959-4264-98c9-f86997915f14}*SharedItemsImports = 13
	EndGlobalSection
	GlobalSection(SolutionConfigurationPlatforms) = preSolution
		Debug|Any CPU = Debug|Any CPU
		Debug|ARM = Debug|ARM
		Debug|iPhone = Debug|iPhone
		Debug|iPhoneSimulator = Debug|iPhoneSimulator
		Debug|x64 = Debug|x64
		Debug|x86 = Debug|x86
		Release|Any CPU = Release|Any CPU
		Release|ARM = Release|ARM
		Release|iPhone = Release|iPhone
		Release|iPhoneSimulator = Release|iPhoneSimulator
		Release|x64 = Release|x64
		Release|x86 = Release|x86
	EndGlobalSection
	GlobalSection(ProjectConfigurationPlatforms) = postSolution
		{E1D67194-B238-4F02-A0CF-E0EAC32CB0C6}.Debug|Any CPU.ActiveCfg = Debug|iPhoneSimulator
		{E1D67194-B238-4F02-A0CF-E0EAC32CB0C6}.Debug|Any CPU.Build.0 = Debug|iPhoneSimulator
		{E1D67194-B238-4F02-A0CF-E0EAC32CB0C6}.Debug|ARM.ActiveCfg = Debug|iPhone
		{E1D67194-B238-4F02-A0CF-E0EAC32CB0C6}.Debug|iPhone.ActiveCfg = Debug|iPhone
		{E1D67194-B238-4F02-A0CF-E0EAC32CB0C6}.Debug|iPhone.Build.0 = Debug|iPhone
		{E1D67194-B238-4F02-A0CF-E0EAC32CB0C6}.Debug|iPhoneSimulator.ActiveCfg = Debug|iPhoneSimulator
		{E1D67194-B238-4F02-A0CF-E0EAC32CB0C6}.Debug|iPhoneSimulator.Build.0 = Debug|iPhoneSimulator
		{E1D67194-B238-4F02-A0CF-E0EAC32CB0C6}.Debug|x64.ActiveCfg = Debug|iPhone
		{E1D67194-B238-4F02-A0CF-E0EAC32CB0C6}.Debug|x86.ActiveCfg = Debug|iPhone
		{E1D67194-B238-4F02-A0CF-E0EAC32CB0C6}.Release|Any CPU.ActiveCfg = Release|iPhone
		{E1D67194-B238-4F02-A0CF-E0EAC32CB0C6}.Release|Any CPU.Build.0 = Release|iPhone
		{E1D67194-B238-4F02-A0CF-E0EAC32CB0C6}.Release|ARM.ActiveCfg = Release|iPhoneSimulator
		{E1D67194-B238-4F02-A0CF-E0EAC32CB0C6}.Release|iPhone.ActiveCfg = Release|iPhone
		{E1D67194-B238-4F02-A0CF-E0EAC32CB0C6}.Release|iPhone.Build.0 = Release|iPhone
		{E1D67194-B238-4F02-A0CF-E0EAC32CB0C6}.Release|iPhoneSimulator.ActiveCfg = Release|iPhoneSimulator
		{E1D67194-B238-4F02-A0CF-E0EAC32CB0C6}.Release|iPhoneSimulator.Build.0 = Release|iPhoneSimulator
		{E1D67194-B238-4F02-A0CF-E0EAC32CB0C6}.Release|x64.ActiveCfg = Release|iPhoneSimulator
		{E1D67194-B238-4F02-A0CF-E0EAC32CB0C6}.Release|x86.ActiveCfg = Release|iPhoneSimulator
		{76F47AF3-D540-4E6C-91F1-7C06D519D883}.Debug|Any CPU.ActiveCfg = Debug|Any CPU
		{76F47AF3-D540-4E6C-91F1-7C06D519D883}.Debug|Any CPU.Build.0 = Debug|Any CPU
		{76F47AF3-D540-4E6C-91F1-7C06D519D883}.Debug|Any CPU.Deploy.0 = Debug|Any CPU
		{76F47AF3-D540-4E6C-91F1-7C06D519D883}.Debug|ARM.ActiveCfg = Debug|Any CPU
		{76F47AF3-D540-4E6C-91F1-7C06D519D883}.Debug|ARM.Build.0 = Debug|Any CPU
		{76F47AF3-D540-4E6C-91F1-7C06D519D883}.Debug|ARM.Deploy.0 = Debug|Any CPU
		{76F47AF3-D540-4E6C-91F1-7C06D519D883}.Debug|iPhone.ActiveCfg = Debug|Any CPU
		{76F47AF3-D540-4E6C-91F1-7C06D519D883}.Debug|iPhone.Build.0 = Debug|Any CPU
		{76F47AF3-D540-4E6C-91F1-7C06D519D883}.Debug|iPhoneSimulator.ActiveCfg = Debug|Any CPU
		{76F47AF3-D540-4E6C-91F1-7C06D519D883}.Debug|iPhoneSimulator.Build.0 = Debug|Any CPU
		{76F47AF3-D540-4E6C-91F1-7C06D519D883}.Debug|x64.ActiveCfg = Debug|Any CPU
		{76F47AF3-D540-4E6C-91F1-7C06D519D883}.Debug|x64.Build.0 = Debug|Any CPU
		{76F47AF3-D540-4E6C-91F1-7C06D519D883}.Debug|x64.Deploy.0 = Debug|Any CPU
		{76F47AF3-D540-4E6C-91F1-7C06D519D883}.Debug|x86.ActiveCfg = Debug|Any CPU
		{76F47AF3-D540-4E6C-91F1-7C06D519D883}.Debug|x86.Build.0 = Debug|Any CPU
		{76F47AF3-D540-4E6C-91F1-7C06D519D883}.Debug|x86.Deploy.0 = Debug|Any CPU
		{76F47AF3-D540-4E6C-91F1-7C06D519D883}.Release|Any CPU.ActiveCfg = Release|Any CPU
		{76F47AF3-D540-4E6C-91F1-7C06D519D883}.Release|Any CPU.Build.0 = Release|Any CPU
		{76F47AF3-D540-4E6C-91F1-7C06D519D883}.Release|ARM.ActiveCfg = Release|Any CPU
		{76F47AF3-D540-4E6C-91F1-7C06D519D883}.Release|ARM.Build.0 = Release|Any CPU
		{76F47AF3-D540-4E6C-91F1-7C06D519D883}.Release|ARM.Deploy.0 = Release|Any CPU
		{76F47AF3-D540-4E6C-91F1-7C06D519D883}.Release|iPhone.ActiveCfg = Release|Any CPU
		{76F47AF3-D540-4E6C-91F1-7C06D519D883}.Release|iPhone.Build.0 = Release|Any CPU
		{76F47AF3-D540-4E6C-91F1-7C06D519D883}.Release|iPhoneSimulator.ActiveCfg = Release|Any CPU
		{76F47AF3-D540-4E6C-91F1-7C06D519D883}.Release|iPhoneSimulator.Build.0 = Release|Any CPU
		{76F47AF3-D540-4E6C-91F1-7C06D519D883}.Release|x64.ActiveCfg = Release|Any CPU
		{76F47AF3-D540-4E6C-91F1-7C06D519D883}.Release|x64.Build.0 = Release|Any CPU
		{76F47AF3-D540-4E6C-91F1-7C06D519D883}.Release|x64.Deploy.0 = Release|Any CPU
		{76F47AF3-D540-4E6C-91F1-7C06D519D883}.Release|x86.ActiveCfg = Release|Any CPU
		{76F47AF3-D540-4E6C-91F1-7C06D519D883}.Release|x86.Build.0 = Release|Any CPU
		{76F47AF3-D540-4E6C-91F1-7C06D519D883}.Release|x86.Deploy.0 = Release|Any CPU
	EndGlobalSection
	GlobalSection(SolutionProperties) = preSolution
		HideSolutionNode = FALSE
	EndGlobalSection
EndGlobal
