
Microsoft Visual Studio Solution File, Format Version 12.00
# Visual Studio 14
VisualStudioVersion = 14.0.25420.1
MinimumVisualStudioVersion = 10.0.40219.1
Project("{FAE04EC0-301F-11D3-BF4B-00C04F79EFBC}") = "InvoiceIt.Droid", "ExpenseIt\ExpenseIt.Droid\InvoiceIt.Droid.csproj", "{C4588DE8-DA54-43BC-8814-374CE67FF7B9}"
EndProject
Project("{FAE04EC0-301F-11D3-BF4B-00C04F79EFBC}") = "InvoiceIt.iOS", "ExpenseIt\ExpenseIt.iOS\InvoiceIt.iOS.csproj", "{B2F3F763-FECF-4681-A558-417662CE6A9B}"
EndProject
Project("{FAE04EC0-301F-11D3-BF4B-00C04F79EFBC}") = "InvoiceIt.UWP", "ExpenseIt\ExpenseIt.UWP\InvoiceIt.UWP.csproj", "{07F9A8B3-5E21-4801-8FA5-F0928B847292}"
EndProject
Project("{FAE04EC0-301F-11D3-BF4B-00C04F79EFBC}") = "InvoiceIt", "ExpenseIt\ExpenseIt\InvoiceIt.csproj", "{1825C5AF-CCF4-4348-9049-273B7C29F855}"
EndProject
Global
	GlobalSection(SolutionConfigurationPlatforms) = preSolution
		Ad-Hoc|Any CPU = Ad-Hoc|Any CPU
		Ad-Hoc|ARM = Ad-Hoc|ARM
		Ad-Hoc|iPhone = Ad-Hoc|iPhone
		Ad-Hoc|iPhoneSimulator = Ad-Hoc|iPhoneSimulator
		Ad-Hoc|x64 = Ad-Hoc|x64
		Ad-Hoc|x86 = Ad-Hoc|x86
		AppStore|Any CPU = AppStore|Any CPU
		AppStore|ARM = AppStore|ARM
		AppStore|iPhone = AppStore|iPhone
		AppStore|iPhoneSimulator = AppStore|iPhoneSimulator
		AppStore|x64 = AppStore|x64
		AppStore|x86 = AppStore|x86
		Debug|Any CPU = Debug|Any CPU
		Debug|ARM = Debug|ARM
		Debug|iPhone = Debug|iPhone
		Debug|iPhoneSimulator = Debug|iPhoneSimulator
		Debug|x64 = Debug|x64
		Debug|x86 = Debug|x86
		Release|Any CPU = Release|Any CPU
		Release|ARM = Release|ARM
		Release|iPhone = Release|iPhone
		Release|iPhoneSimulator = Release|iPhoneSimulator
		Release|x64 = Release|x64
		Release|x86 = Release|x86
	EndGlobalSection
	GlobalSection(ProjectConfigurationPlatforms) = postSolution
		{C4588DE8-DA54-43BC-8814-374CE67FF7B9}.Ad-Hoc|Any CPU.ActiveCfg = Release|Any CPU
		{C4588DE8-DA54-43BC-8814-374CE67FF7B9}.Ad-Hoc|Any CPU.Build.0 = Release|Any CPU
		{C4588DE8-DA54-43BC-8814-374CE67FF7B9}.Ad-Hoc|Any CPU.Deploy.0 = Release|Any CPU
		{C4588DE8-DA54-43BC-8814-374CE67FF7B9}.Ad-Hoc|ARM.ActiveCfg = Release|Any CPU
		{C4588DE8-DA54-43BC-8814-374CE67FF7B9}.Ad-Hoc|ARM.Build.0 = Release|Any CPU
		{C4588DE8-DA54-43BC-8814-374CE67FF7B9}.Ad-Hoc|ARM.Deploy.0 = Release|Any CPU
		{C4588DE8-DA54-43BC-8814-374CE67FF7B9}.Ad-Hoc|iPhone.ActiveCfg = Release|Any CPU
		{C4588DE8-DA54-43BC-8814-374CE67FF7B9}.Ad-Hoc|iPhone.Build.0 = Release|Any CPU
		{C4588DE8-DA54-43BC-8814-374CE67FF7B9}.Ad-Hoc|iPhone.Deploy.0 = Release|Any CPU
		{C4588DE8-DA54-43BC-8814-374CE67FF7B9}.Ad-Hoc|iPhoneSimulator.ActiveCfg = Release|Any CPU
		{C4588DE8-DA54-43BC-8814-374CE67FF7B9}.Ad-Hoc|iPhoneSimulator.Build.0 = Release|Any CPU
		{C4588DE8-DA54-43BC-8814-374CE67FF7B9}.Ad-Hoc|iPhoneSimulator.Deploy.0 = Release|Any CPU
		{C4588DE8-DA54-43BC-8814-374CE67FF7B9}.Ad-Hoc|x64.ActiveCfg = Release|Any CPU
		{C4588DE8-DA54-43BC-8814-374CE67FF7B9}.Ad-Hoc|x64.Build.0 = Release|Any CPU
		{C4588DE8-DA54-43BC-8814-374CE67FF7B9}.Ad-Hoc|x64.Deploy.0 = Release|Any CPU
		{C4588DE8-DA54-43BC-8814-374CE67FF7B9}.Ad-Hoc|x86.ActiveCfg = Release|Any CPU
		{C4588DE8-DA54-43BC-8814-374CE67FF7B9}.Ad-Hoc|x86.Build.0 = Release|Any CPU
		{C4588DE8-DA54-43BC-8814-374CE67FF7B9}.Ad-Hoc|x86.Deploy.0 = Release|Any CPU
		{C4588DE8-DA54-43BC-8814-374CE67FF7B9}.AppStore|Any CPU.ActiveCfg = Release|Any CPU
		{C4588DE8-DA54-43BC-8814-374CE67FF7B9}.AppStore|Any CPU.Build.0 = Release|Any CPU
		{C4588DE8-DA54-43BC-8814-374CE67FF7B9}.AppStore|Any CPU.Deploy.0 = Release|Any CPU
		{C4588DE8-DA54-43BC-8814-374CE67FF7B9}.AppStore|ARM.ActiveCfg = Release|Any CPU
		{C4588DE8-DA54-43BC-8814-374CE67FF7B9}.AppStore|ARM.Build.0 = Release|Any CPU
		{C4588DE8-DA54-43BC-8814-374CE67FF7B9}.AppStore|ARM.Deploy.0 = Release|Any CPU
		{C4588DE8-DA54-43BC-8814-374CE67FF7B9}.AppStore|iPhone.ActiveCfg = Release|Any CPU
		{C4588DE8-DA54-43BC-8814-374CE67FF7B9}.AppStore|iPhone.Build.0 = Release|Any CPU
		{C4588DE8-DA54-43BC-8814-374CE67FF7B9}.AppStore|iPhone.Deploy.0 = Release|Any CPU
		{C4588DE8-DA54-43BC-8814-374CE67FF7B9}.AppStore|iPhoneSimulator.ActiveCfg = Release|Any CPU
		{C4588DE8-DA54-43BC-8814-374CE67FF7B9}.AppStore|iPhoneSimulator.Build.0 = Release|Any CPU
		{C4588DE8-DA54-43BC-8814-374CE67FF7B9}.AppStore|iPhoneSimulator.Deploy.0 = Release|Any CPU
		{C4588DE8-DA54-43BC-8814-374CE67FF7B9}.AppStore|x64.ActiveCfg = Release|Any CPU
		{C4588DE8-DA54-43BC-8814-374CE67FF7B9}.AppStore|x64.Build.0 = Release|Any CPU
		{C4588DE8-DA54-43BC-8814-374CE67FF7B9}.AppStore|x64.Deploy.0 = Release|Any CPU
		{C4588DE8-DA54-43BC-8814-374CE67FF7B9}.AppStore|x86.ActiveCfg = Release|Any CPU
		{C4588DE8-DA54-43BC-8814-374CE67FF7B9}.AppStore|x86.Build.0 = Release|Any CPU
		{C4588DE8-DA54-43BC-8814-374CE67FF7B9}.AppStore|x86.Deploy.0 = Release|Any CPU
		{C4588DE8-DA54-43BC-8814-374CE67FF7B9}.Debug|Any CPU.ActiveCfg = Debug|Any CPU
		{C4588DE8-DA54-43BC-8814-374CE67FF7B9}.Debug|Any CPU.Build.0 = Debug|Any CPU
		{C4588DE8-DA54-43BC-8814-374CE67FF7B9}.Debug|Any CPU.Deploy.0 = Debug|Any CPU
		{C4588DE8-DA54-43BC-8814-374CE67FF7B9}.Debug|ARM.ActiveCfg = Debug|Any CPU
		{C4588DE8-DA54-43BC-8814-374CE67FF7B9}.Debug|ARM.Build.0 = Debug|Any CPU
		{C4588DE8-DA54-43BC-8814-374CE67FF7B9}.Debug|ARM.Deploy.0 = Debug|Any CPU
		{C4588DE8-DA54-43BC-8814-374CE67FF7B9}.Debug|iPhone.ActiveCfg = Debug|Any CPU
		{C4588DE8-DA54-43BC-8814-374CE67FF7B9}.Debug|iPhone.Build.0 = Debug|Any CPU
		{C4588DE8-DA54-43BC-8814-374CE67FF7B9}.Debug|iPhone.Deploy.0 = Debug|Any CPU
		{C4588DE8-DA54-43BC-8814-374CE67FF7B9}.Debug|iPhoneSimulator.ActiveCfg = Debug|Any CPU
		{C4588DE8-DA54-43BC-8814-374CE67FF7B9}.Debug|iPhoneSimulator.Build.0 = Debug|Any CPU
		{C4588DE8-DA54-43BC-8814-374CE67FF7B9}.Debug|iPhoneSimulator.Deploy.0 = Debug|Any CPU
		{C4588DE8-DA54-43BC-8814-374CE67FF7B9}.Debug|x64.ActiveCfg = Debug|Any CPU
		{C4588DE8-DA54-43BC-8814-374CE67FF7B9}.Debug|x64.Build.0 = Debug|Any CPU
		{C4588DE8-DA54-43BC-8814-374CE67FF7B9}.Debug|x64.Deploy.0 = Debug|Any CPU
		{C4588DE8-DA54-43BC-8814-374CE67FF7B9}.Debug|x86.ActiveCfg = Debug|Any CPU
		{C4588DE8-DA54-43BC-8814-374CE67FF7B9}.Debug|x86.Build.0 = Debug|Any CPU
		{C4588DE8-DA54-43BC-8814-374CE67FF7B9}.Debug|x86.Deploy.0 = Debug|Any CPU
		{C4588DE8-DA54-43BC-8814-374CE67FF7B9}.Release|Any CPU.ActiveCfg = Release|Any CPU
		{C4588DE8-DA54-43BC-8814-374CE67FF7B9}.Release|Any CPU.Build.0 = Release|Any CPU
		{C4588DE8-DA54-43BC-8814-374CE67FF7B9}.Release|Any CPU.Deploy.0 = Release|Any CPU
		{C4588DE8-DA54-43BC-8814-374CE67FF7B9}.Release|ARM.ActiveCfg = Release|Any CPU
		{C4588DE8-DA54-43BC-8814-374CE67FF7B9}.Release|ARM.Build.0 = Release|Any CPU
		{C4588DE8-DA54-43BC-8814-374CE67FF7B9}.Release|ARM.Deploy.0 = Release|Any CPU
		{C4588DE8-DA54-43BC-8814-374CE67FF7B9}.Release|iPhone.ActiveCfg = Release|Any CPU
		{C4588DE8-DA54-43BC-8814-374CE67FF7B9}.Release|iPhone.Build.0 = Release|Any CPU
		{C4588DE8-DA54-43BC-8814-374CE67FF7B9}.Release|iPhone.Deploy.0 = Release|Any CPU
		{C4588DE8-DA54-43BC-8814-374CE67FF7B9}.Release|iPhoneSimulator.ActiveCfg = Release|Any CPU
		{C4588DE8-DA54-43BC-8814-374CE67FF7B9}.Release|iPhoneSimulator.Build.0 = Release|Any CPU
		{C4588DE8-DA54-43BC-8814-374CE67FF7B9}.Release|iPhoneSimulator.Deploy.0 = Release|Any CPU
		{C4588DE8-DA54-43BC-8814-374CE67FF7B9}.Release|x64.ActiveCfg = Release|Any CPU
		{C4588DE8-DA54-43BC-8814-374CE67FF7B9}.Release|x64.Build.0 = Release|Any CPU
		{C4588DE8-DA54-43BC-8814-374CE67FF7B9}.Release|x64.Deploy.0 = Release|Any CPU
		{C4588DE8-DA54-43BC-8814-374CE67FF7B9}.Release|x86.ActiveCfg = Release|Any CPU
		{C4588DE8-DA54-43BC-8814-374CE67FF7B9}.Release|x86.Build.0 = Release|Any CPU
		{C4588DE8-DA54-43BC-8814-374CE67FF7B9}.Release|x86.Deploy.0 = Release|Any CPU
		{B2F3F763-FECF-4681-A558-417662CE6A9B}.Ad-Hoc|Any CPU.ActiveCfg = Ad-Hoc|iPhone
		{B2F3F763-FECF-4681-A558-417662CE6A9B}.Ad-Hoc|ARM.ActiveCfg = Ad-Hoc|iPhone
		{B2F3F763-FECF-4681-A558-417662CE6A9B}.Ad-Hoc|iPhone.ActiveCfg = Ad-Hoc|iPhone
		{B2F3F763-FECF-4681-A558-417662CE6A9B}.Ad-Hoc|iPhone.Build.0 = Ad-Hoc|iPhone
		{B2F3F763-FECF-4681-A558-417662CE6A9B}.Ad-Hoc|iPhoneSimulator.ActiveCfg = Ad-Hoc|iPhoneSimulator
		{B2F3F763-FECF-4681-A558-417662CE6A9B}.Ad-Hoc|iPhoneSimulator.Build.0 = Ad-Hoc|iPhoneSimulator
		{B2F3F763-FECF-4681-A558-417662CE6A9B}.Ad-Hoc|x64.ActiveCfg = Ad-Hoc|iPhone
		{B2F3F763-FECF-4681-A558-417662CE6A9B}.Ad-Hoc|x86.ActiveCfg = Ad-Hoc|iPhone
		{B2F3F763-FECF-4681-A558-417662CE6A9B}.AppStore|Any CPU.ActiveCfg = AppStore|iPhone
		{B2F3F763-FECF-4681-A558-417662CE6A9B}.AppStore|ARM.ActiveCfg = AppStore|iPhone
		{B2F3F763-FECF-4681-A558-417662CE6A9B}.AppStore|iPhone.ActiveCfg = AppStore|iPhone
		{B2F3F763-FECF-4681-A558-417662CE6A9B}.AppStore|iPhone.Build.0 = AppStore|iPhone
		{B2F3F763-FECF-4681-A558-417662CE6A9B}.AppStore|iPhoneSimulator.ActiveCfg = AppStore|iPhoneSimulator
		{B2F3F763-FECF-4681-A558-417662CE6A9B}.AppStore|iPhoneSimulator.Build.0 = AppStore|iPhoneSimulator
		{B2F3F763-FECF-4681-A558-417662CE6A9B}.AppStore|x64.ActiveCfg = AppStore|iPhone
		{B2F3F763-FECF-4681-A558-417662CE6A9B}.AppStore|x86.ActiveCfg = AppStore|iPhone
		{B2F3F763-FECF-4681-A558-417662CE6A9B}.Debug|Any CPU.ActiveCfg = Debug|iPhone
		{B2F3F763-FECF-4681-A558-417662CE6A9B}.Debug|Any CPU.Build.0 = Debug|iPhone
		{B2F3F763-FECF-4681-A558-417662CE6A9B}.Debug|ARM.ActiveCfg = Debug|iPhone
		{B2F3F763-FECF-4681-A558-417662CE6A9B}.Debug|iPhone.ActiveCfg = Debug|iPhone
		{B2F3F763-FECF-4681-A558-417662CE6A9B}.Debug|iPhone.Build.0 = Debug|iPhone
		{B2F3F763-FECF-4681-A558-417662CE6A9B}.Debug|iPhoneSimulator.ActiveCfg = Debug|iPhoneSimulator
		{B2F3F763-FECF-4681-A558-417662CE6A9B}.Debug|iPhoneSimulator.Build.0 = Debug|iPhoneSimulator
		{B2F3F763-FECF-4681-A558-417662CE6A9B}.Debug|x64.ActiveCfg = Debug|iPhone
		{B2F3F763-FECF-4681-A558-417662CE6A9B}.Debug|x86.ActiveCfg = Debug|iPhone
		{B2F3F763-FECF-4681-A558-417662CE6A9B}.Release|Any CPU.ActiveCfg = Release|iPhone
		{B2F3F763-FECF-4681-A558-417662CE6A9B}.Release|ARM.ActiveCfg = Release|iPhone
		{B2F3F763-FECF-4681-A558-417662CE6A9B}.Release|iPhone.ActiveCfg = Release|iPhone
		{B2F3F763-FECF-4681-A558-417662CE6A9B}.Release|iPhone.Build.0 = Release|iPhone
		{B2F3F763-FECF-4681-A558-417662CE6A9B}.Release|iPhoneSimulator.ActiveCfg = Release|iPhoneSimulator
		{B2F3F763-FECF-4681-A558-417662CE6A9B}.Release|iPhoneSimulator.Build.0 = Release|iPhoneSimulator
		{B2F3F763-FECF-4681-A558-417662CE6A9B}.Release|x64.ActiveCfg = Release|iPhone
		{B2F3F763-FECF-4681-A558-417662CE6A9B}.Release|x86.ActiveCfg = Release|iPhone
		{07F9A8B3-5E21-4801-8FA5-F0928B847292}.Ad-Hoc|Any CPU.ActiveCfg = Release|x86
		{07F9A8B3-5E21-4801-8FA5-F0928B847292}.Ad-Hoc|Any CPU.Build.0 = Release|x86
		{07F9A8B3-5E21-4801-8FA5-F0928B847292}.Ad-Hoc|Any CPU.Deploy.0 = Release|x86
		{07F9A8B3-5E21-4801-8FA5-F0928B847292}.Ad-Hoc|ARM.ActiveCfg = Release|ARM
		{07F9A8B3-5E21-4801-8FA5-F0928B847292}.Ad-Hoc|ARM.Build.0 = Release|ARM
		{07F9A8B3-5E21-4801-8FA5-F0928B847292}.Ad-Hoc|ARM.Deploy.0 = Release|ARM
		{07F9A8B3-5E21-4801-8FA5-F0928B847292}.Ad-Hoc|iPhone.ActiveCfg = Release|x86
		{07F9A8B3-5E21-4801-8FA5-F0928B847292}.Ad-Hoc|iPhone.Build.0 = Release|x86
		{07F9A8B3-5E21-4801-8FA5-F0928B847292}.Ad-Hoc|iPhone.Deploy.0 = Release|x86
		{07F9A8B3-5E21-4801-8FA5-F0928B847292}.Ad-Hoc|iPhoneSimulator.ActiveCfg = Release|x86
		{07F9A8B3-5E21-4801-8FA5-F0928B847292}.Ad-Hoc|iPhoneSimulator.Build.0 = Release|x86
		{07F9A8B3-5E21-4801-8FA5-F0928B847292}.Ad-Hoc|iPhoneSimulator.Deploy.0 = Release|x86
		{07F9A8B3-5E21-4801-8FA5-F0928B847292}.Ad-Hoc|x64.ActiveCfg = Release|x64
		{07F9A8B3-5E21-4801-8FA5-F0928B847292}.Ad-Hoc|x64.Build.0 = Release|x64
		{07F9A8B3-5E21-4801-8FA5-F0928B847292}.Ad-Hoc|x64.Deploy.0 = Release|x64
		{07F9A8B3-5E21-4801-8FA5-F0928B847292}.Ad-Hoc|x86.ActiveCfg = Release|x86
		{07F9A8B3-5E21-4801-8FA5-F0928B847292}.Ad-Hoc|x86.Build.0 = Release|x86
		{07F9A8B3-5E21-4801-8FA5-F0928B847292}.Ad-Hoc|x86.Deploy.0 = Release|x86
		{07F9A8B3-5E21-4801-8FA5-F0928B847292}.AppStore|Any CPU.ActiveCfg = Release|x86
		{07F9A8B3-5E21-4801-8FA5-F0928B847292}.AppStore|Any CPU.Build.0 = Release|x86
		{07F9A8B3-5E21-4801-8FA5-F0928B847292}.AppStore|Any CPU.Deploy.0 = Release|x86
		{07F9A8B3-5E21-4801-8FA5-F0928B847292}.AppStore|ARM.ActiveCfg = Release|ARM
		{07F9A8B3-5E21-4801-8FA5-F0928B847292}.AppStore|ARM.Build.0 = Release|ARM
		{07F9A8B3-5E21-4801-8FA5-F0928B847292}.AppStore|ARM.Deploy.0 = Release|ARM
		{07F9A8B3-5E21-4801-8FA5-F0928B847292}.AppStore|iPhone.ActiveCfg = Release|x86
		{07F9A8B3-5E21-4801-8FA5-F0928B847292}.AppStore|iPhone.Build.0 = Release|x86
		{07F9A8B3-5E21-4801-8FA5-F0928B847292}.AppStore|iPhone.Deploy.0 = Release|x86
		{07F9A8B3-5E21-4801-8FA5-F0928B847292}.AppStore|iPhoneSimulator.ActiveCfg = Release|x86
		{07F9A8B3-5E21-4801-8FA5-F0928B847292}.AppStore|iPhoneSimulator.Build.0 = Release|x86
		{07F9A8B3-5E21-4801-8FA5-F0928B847292}.AppStore|iPhoneSimulator.Deploy.0 = Release|x86
		{07F9A8B3-5E21-4801-8FA5-F0928B847292}.AppStore|x64.ActiveCfg = Release|x64
		{07F9A8B3-5E21-4801-8FA5-F0928B847292}.AppStore|x64.Build.0 = Release|x64
		{07F9A8B3-5E21-4801-8FA5-F0928B847292}.AppStore|x64.Deploy.0 = Release|x64
		{07F9A8B3-5E21-4801-8FA5-F0928B847292}.AppStore|x86.ActiveCfg = Release|x86
		{07F9A8B3-5E21-4801-8FA5-F0928B847292}.AppStore|x86.Build.0 = Release|x86
		{07F9A8B3-5E21-4801-8FA5-F0928B847292}.AppStore|x86.Deploy.0 = Release|x86
		{07F9A8B3-5E21-4801-8FA5-F0928B847292}.Debug|Any CPU.ActiveCfg = Debug|x86
		{07F9A8B3-5E21-4801-8FA5-F0928B847292}.Debug|Any CPU.Build.0 = Debug|x86
		{07F9A8B3-5E21-4801-8FA5-F0928B847292}.Debug|Any CPU.Deploy.0 = Debug|x86
		{07F9A8B3-5E21-4801-8FA5-F0928B847292}.Debug|ARM.ActiveCfg = Debug|ARM
		{07F9A8B3-5E21-4801-8FA5-F0928B847292}.Debug|ARM.Build.0 = Debug|ARM
		{07F9A8B3-5E21-4801-8FA5-F0928B847292}.Debug|ARM.Deploy.0 = Debug|ARM
		{07F9A8B3-5E21-4801-8FA5-F0928B847292}.Debug|iPhone.ActiveCfg = Debug|x86
		{07F9A8B3-5E21-4801-8FA5-F0928B847292}.Debug|iPhoneSimulator.ActiveCfg = Debug|x86
		{07F9A8B3-5E21-4801-8FA5-F0928B847292}.Debug|iPhoneSimulator.Build.0 = Debug|x86
		{07F9A8B3-5E21-4801-8FA5-F0928B847292}.Debug|iPhoneSimulator.Deploy.0 = Debug|x86
		{07F9A8B3-5E21-4801-8FA5-F0928B847292}.Debug|x64.ActiveCfg = Debug|x64
		{07F9A8B3-5E21-4801-8FA5-F0928B847292}.Debug|x64.Build.0 = Debug|x64
		{07F9A8B3-5E21-4801-8FA5-F0928B847292}.Debug|x64.Deploy.0 = Debug|x64
		{07F9A8B3-5E21-4801-8FA5-F0928B847292}.Debug|x86.ActiveCfg = Debug|x86
		{07F9A8B3-5E21-4801-8FA5-F0928B847292}.Debug|x86.Build.0 = Debug|x86
		{07F9A8B3-5E21-4801-8FA5-F0928B847292}.Debug|x86.Deploy.0 = Debug|x86
		{07F9A8B3-5E21-4801-8FA5-F0928B847292}.Release|Any CPU.ActiveCfg = Release|x86
		{07F9A8B3-5E21-4801-8FA5-F0928B847292}.Release|ARM.ActiveCfg = Release|ARM
		{07F9A8B3-5E21-4801-8FA5-F0928B847292}.Release|ARM.Build.0 = Release|ARM
		{07F9A8B3-5E21-4801-8FA5-F0928B847292}.Release|ARM.Deploy.0 = Release|ARM
		{07F9A8B3-5E21-4801-8FA5-F0928B847292}.Release|iPhone.ActiveCfg = Release|x86
		{07F9A8B3-5E21-4801-8FA5-F0928B847292}.Release|iPhoneSimulator.ActiveCfg = Release|x86
		{07F9A8B3-5E21-4801-8FA5-F0928B847292}.Release|x64.ActiveCfg = Release|x64
		{07F9A8B3-5E21-4801-8FA5-F0928B847292}.Release|x64.Build.0 = Release|x64
		{07F9A8B3-5E21-4801-8FA5-F0928B847292}.Release|x64.Deploy.0 = Release|x64
		{07F9A8B3-5E21-4801-8FA5-F0928B847292}.Release|x86.ActiveCfg = Release|x86
		{07F9A8B3-5E21-4801-8FA5-F0928B847292}.Release|x86.Build.0 = Release|x86
		{07F9A8B3-5E21-4801-8FA5-F0928B847292}.Release|x86.Deploy.0 = Release|x86
		{1825C5AF-CCF4-4348-9049-273B7C29F855}.Ad-Hoc|Any CPU.ActiveCfg = Release|Any CPU
		{1825C5AF-CCF4-4348-9049-273B7C29F855}.Ad-Hoc|Any CPU.Build.0 = Release|Any CPU
		{1825C5AF-CCF4-4348-9049-273B7C29F855}.Ad-Hoc|ARM.ActiveCfg = Release|Any CPU
		{1825C5AF-CCF4-4348-9049-273B7C29F855}.Ad-Hoc|ARM.Build.0 = Release|Any CPU
		{1825C5AF-CCF4-4348-9049-273B7C29F855}.Ad-Hoc|iPhone.ActiveCfg = Release|Any CPU
		{1825C5AF-CCF4-4348-9049-273B7C29F855}.Ad-Hoc|iPhone.Build.0 = Release|Any CPU
		{1825C5AF-CCF4-4348-9049-273B7C29F855}.Ad-Hoc|iPhoneSimulator.ActiveCfg = Release|Any CPU
		{1825C5AF-CCF4-4348-9049-273B7C29F855}.Ad-Hoc|iPhoneSimulator.Build.0 = Release|Any CPU
		{1825C5AF-CCF4-4348-9049-273B7C29F855}.Ad-Hoc|x64.ActiveCfg = Release|Any CPU
		{1825C5AF-CCF4-4348-9049-273B7C29F855}.Ad-Hoc|x64.Build.0 = Release|Any CPU
		{1825C5AF-CCF4-4348-9049-273B7C29F855}.Ad-Hoc|x86.ActiveCfg = Release|Any CPU
		{1825C5AF-CCF4-4348-9049-273B7C29F855}.Ad-Hoc|x86.Build.0 = Release|Any CPU
		{1825C5AF-CCF4-4348-9049-273B7C29F855}.AppStore|Any CPU.ActiveCfg = Release|Any CPU
		{1825C5AF-CCF4-4348-9049-273B7C29F855}.AppStore|Any CPU.Build.0 = Release|Any CPU
		{1825C5AF-CCF4-4348-9049-273B7C29F855}.AppStore|ARM.ActiveCfg = Release|Any CPU
		{1825C5AF-CCF4-4348-9049-273B7C29F855}.AppStore|ARM.Build.0 = Release|Any CPU
		{1825C5AF-CCF4-4348-9049-273B7C29F855}.AppStore|iPhone.ActiveCfg = Release|Any CPU
		{1825C5AF-CCF4-4348-9049-273B7C29F855}.AppStore|iPhone.Build.0 = Release|Any CPU
		{1825C5AF-CCF4-4348-9049-273B7C29F855}.AppStore|iPhoneSimulator.ActiveCfg = Release|Any CPU
		{1825C5AF-CCF4-4348-9049-273B7C29F855}.AppStore|iPhoneSimulator.Build.0 = Release|Any CPU
		{1825C5AF-CCF4-4348-9049-273B7C29F855}.AppStore|x64.ActiveCfg = Release|Any CPU
		{1825C5AF-CCF4-4348-9049-273B7C29F855}.AppStore|x64.Build.0 = Release|Any CPU
		{1825C5AF-CCF4-4348-9049-273B7C29F855}.AppStore|x86.ActiveCfg = Release|Any CPU
		{1825C5AF-CCF4-4348-9049-273B7C29F855}.AppStore|x86.Build.0 = Release|Any CPU
		{1825C5AF-CCF4-4348-9049-273B7C29F855}.Debug|Any CPU.ActiveCfg = Debug|Any CPU
		{1825C5AF-CCF4-4348-9049-273B7C29F855}.Debug|Any CPU.Build.0 = Debug|Any CPU
		{1825C5AF-CCF4-4348-9049-273B7C29F855}.Debug|ARM.ActiveCfg = Debug|Any CPU
		{1825C5AF-CCF4-4348-9049-273B7C29F855}.Debug|ARM.Build.0 = Debug|Any CPU
		{1825C5AF-CCF4-4348-9049-273B7C29F855}.Debug|iPhone.ActiveCfg = Debug|Any CPU
		{1825C5AF-CCF4-4348-9049-273B7C29F855}.Debug|iPhone.Build.0 = Debug|Any CPU
		{1825C5AF-CCF4-4348-9049-273B7C29F855}.Debug|iPhoneSimulator.ActiveCfg = Debug|Any CPU
		{1825C5AF-CCF4-4348-9049-273B7C29F855}.Debug|iPhoneSimulator.Build.0 = Debug|Any CPU
		{1825C5AF-CCF4-4348-9049-273B7C29F855}.Debug|x64.ActiveCfg = Debug|Any CPU
		{1825C5AF-CCF4-4348-9049-273B7C29F855}.Debug|x64.Build.0 = Debug|Any CPU
		{1825C5AF-CCF4-4348-9049-273B7C29F855}.Debug|x86.ActiveCfg = Debug|Any CPU
		{1825C5AF-CCF4-4348-9049-273B7C29F855}.Debug|x86.Build.0 = Debug|Any CPU
		{1825C5AF-CCF4-4348-9049-273B7C29F855}.Release|Any CPU.ActiveCfg = Release|Any CPU
		{1825C5AF-CCF4-4348-9049-273B7C29F855}.Release|Any CPU.Build.0 = Release|Any CPU
		{1825C5AF-CCF4-4348-9049-273B7C29F855}.Release|ARM.ActiveCfg = Release|Any CPU
		{1825C5AF-CCF4-4348-9049-273B7C29F855}.Release|ARM.Build.0 = Release|Any CPU
		{1825C5AF-CCF4-4348-9049-273B7C29F855}.Release|iPhone.ActiveCfg = Release|Any CPU
		{1825C5AF-CCF4-4348-9049-273B7C29F855}.Release|iPhone.Build.0 = Release|Any CPU
		{1825C5AF-CCF4-4348-9049-273B7C29F855}.Release|iPhoneSimulator.ActiveCfg = Release|Any CPU
		{1825C5AF-CCF4-4348-9049-273B7C29F855}.Release|iPhoneSimulator.Build.0 = Release|Any CPU
		{1825C5AF-CCF4-4348-9049-273B7C29F855}.Release|x64.ActiveCfg = Release|Any CPU
		{1825C5AF-CCF4-4348-9049-273B7C29F855}.Release|x64.Build.0 = Release|Any CPU
		{1825C5AF-CCF4-4348-9049-273B7C29F855}.Release|x86.ActiveCfg = Release|Any CPU
		{1825C5AF-CCF4-4348-9049-273B7C29F855}.Release|x86.Build.0 = Release|Any CPU
	EndGlobalSection
	GlobalSection(SolutionProperties) = preSolution
		HideSolutionNode = FALSE
	EndGlobalSection
EndGlobal
